
Microsoft Visual Studio Solution File, Format Version 12.00
# Visual Studio Version 17
VisualStudioVersion = 17.2.32616.157
MinimumVisualStudioVersion = 10.0.40219.1
Project("{FAE04EC0-301F-11D3-BF4B-00C04F79EFBC}") = "Task1", "Task1\Task1.csproj", "{657D0DC2-7BB0-4899-B0F6-74849C59AC38}"
EndProject
Project("{FAE04EC0-301F-11D3-BF4B-00C04F79EFBC}") = "Task2", "Task2\Task2.csproj", "{254ADA9D-421D-4009-BB77-408EADB0D32B}"
EndProject
Project("{FAE04EC0-301F-11D3-BF4B-00C04F79EFBC}") = "Task3", "Task3\Task3.csproj", "{3B1DB17D-4B77-4890-A2FB-0D7DFB49DE2D}"
EndProject
Project("{FAE04EC0-301F-11D3-BF4B-00C04F79EFBC}") = "Task4", "Task4\Task4.csproj", "{1FABB7C7-78BA-4E72-907F-F1D04C29DBAE}"
EndProject
Project("{FAE04EC0-301F-11D3-BF4B-00C04F79EFBC}") = "Task5", "Task5\Task5.csproj", "{624249C2-AC63-455B-8D1F-9210B9412B82}"
EndProject
Project("{FAE04EC0-301F-11D3-BF4B-00C04F79EFBC}") = "Task6", "Task6\Task6.csproj", "{C9024D92-6672-4CD8-85A1-6D0ECB632523}"
EndProject
Project("{FAE04EC0-301F-11D3-BF4B-00C04F79EFBC}") = "Task7", "Task7\Task7.csproj", "{492BDC2F-6320-4357-9563-0DA611873C50}"
EndProject
Project("{FAE04EC0-301F-11D3-BF4B-00C04F79EFBC}") = "Task8", "Task8\Task8.csproj", "{1213B32B-9F6F-4384-9B79-1CF94A31C1B8}"
EndProject
Project("{FAE04EC0-301F-11D3-BF4B-00C04F79EFBC}") = "Task9", "Task9\Task9.csproj", "{62B23FD9-0055-4BF8-853F-19BFC448A010}"
EndProject
Project("{FAE04EC0-301F-11D3-BF4B-00C04F79EFBC}") = "Library", "Library\Library.csproj", "{721CCF15-237E-4D60-97D6-D66C54E87DEB}"
EndProject
Global
	GlobalSection(SolutionConfigurationPlatforms) = preSolution
		Debug|Any CPU = Debug|Any CPU
		Release|Any CPU = Release|Any CPU
	EndGlobalSection
	GlobalSection(ProjectConfigurationPlatforms) = postSolution
		{657D0DC2-7BB0-4899-B0F6-74849C59AC38}.Debug|Any CPU.ActiveCfg = Debug|Any CPU
		{657D0DC2-7BB0-4899-B0F6-74849C59AC38}.Debug|Any CPU.Build.0 = Debug|Any CPU
		{657D0DC2-7BB0-4899-B0F6-74849C59AC38}.Release|Any CPU.ActiveCfg = Release|Any CPU
		{657D0DC2-7BB0-4899-B0F6-74849C59AC38}.Release|Any CPU.Build.0 = Release|Any CPU
		{254ADA9D-421D-4009-BB77-408EADB0D32B}.Debug|Any CPU.ActiveCfg = Debug|Any CPU
		{254ADA9D-421D-4009-BB77-408EADB0D32B}.Debug|Any CPU.Build.0 = Debug|Any CPU
		{254ADA9D-421D-4009-BB77-408EADB0D32B}.Release|Any CPU.ActiveCfg = Release|Any CPU
		{254ADA9D-421D-4009-BB77-408EADB0D32B}.Release|Any CPU.Build.0 = Release|Any CPU
		{3B1DB17D-4B77-4890-A2FB-0D7DFB49DE2D}.Debug|Any CPU.ActiveCfg = Debug|Any CPU
		{3B1DB17D-4B77-4890-A2FB-0D7DFB49DE2D}.Debug|Any CPU.Build.0 = Debug|Any CPU
		{3B1DB17D-4B77-4890-A2FB-0D7DFB49DE2D}.Release|Any CPU.ActiveCfg = Release|Any CPU
		{3B1DB17D-4B77-4890-A2FB-0D7DFB49DE2D}.Release|Any CPU.Build.0 = Release|Any CPU
		{1FABB7C7-78BA-4E72-907F-F1D04C29DBAE}.Debug|Any CPU.ActiveCfg = Debug|Any CPU
		{1FABB7C7-78BA-4E72-907F-F1D04C29DBAE}.Debug|Any CPU.Build.0 = Debug|Any CPU
		{1FABB7C7-78BA-4E72-907F-F1D04C29DBAE}.Release|Any CPU.ActiveCfg = Release|Any CPU
		{1FABB7C7-78BA-4E72-907F-F1D04C29DBAE}.Release|Any CPU.Build.0 = Release|Any CPU
		{624249C2-AC63-455B-8D1F-9210B9412B82}.Debug|Any CPU.ActiveCfg = Debug|Any CPU
		{624249C2-AC63-455B-8D1F-9210B9412B82}.Debug|Any CPU.Build.0 = Debug|Any CPU
		{624249C2-AC63-455B-8D1F-9210B9412B82}.Release|Any CPU.ActiveCfg = Release|Any CPU
		{624249C2-AC63-455B-8D1F-9210B9412B82}.Release|Any CPU.Build.0 = Release|Any CPU
		{C9024D92-6672-4CD8-85A1-6D0ECB632523}.Debug|Any CPU.ActiveCfg = Debug|Any CPU
		{C9024D92-6672-4CD8-85A1-6D0ECB632523}.Debug|Any CPU.Build.0 = Debug|Any CPU
		{C9024D92-6672-4CD8-85A1-6D0ECB632523}.Release|Any CPU.ActiveCfg = Release|Any CPU
		{C9024D92-6672-4CD8-85A1-6D0ECB632523}.Release|Any CPU.Build.0 = Release|Any CPU
		{492BDC2F-6320-4357-9563-0DA611873C50}.Debug|Any CPU.ActiveCfg = Debug|Any CPU
		{492BDC2F-6320-4357-9563-0DA611873C50}.Debug|Any CPU.Build.0 = Debug|Any CPU
		{492BDC2F-6320-4357-9563-0DA611873C50}.Release|Any CPU.ActiveCfg = Release|Any CPU
		{492BDC2F-6320-4357-9563-0DA611873C50}.Release|Any CPU.Build.0 = Release|Any CPU
		{1213B32B-9F6F-4384-9B79-1CF94A31C1B8}.Debug|Any CPU.ActiveCfg = Debug|Any CPU
		{1213B32B-9F6F-4384-9B79-1CF94A31C1B8}.Debug|Any CPU.Build.0 = Debug|Any CPU
		{1213B32B-9F6F-4384-9B79-1CF94A31C1B8}.Release|Any CPU.ActiveCfg = Release|Any CPU
		{1213B32B-9F6F-4384-9B79-1CF94A31C1B8}.Release|Any CPU.Build.0 = Release|Any CPU
		{62B23FD9-0055-4BF8-853F-19BFC448A010}.Debug|Any CPU.ActiveCfg = Debug|Any CPU
		{62B23FD9-0055-4BF8-853F-19BFC448A010}.Debug|Any CPU.Build.0 = Debug|Any CPU
		{62B23FD9-0055-4BF8-853F-19BFC448A010}.Release|Any CPU.ActiveCfg = Release|Any CPU
		{62B23FD9-0055-4BF8-853F-19BFC448A010}.Release|Any CPU.Build.0 = Release|Any CPU
		{721CCF15-237E-4D60-97D6-D66C54E87DEB}.Debug|Any CPU.ActiveCfg = Debug|Any CPU
		{721CCF15-237E-4D60-97D6-D66C54E87DEB}.Debug|Any CPU.Build.0 = Debug|Any CPU
		{721CCF15-237E-4D60-97D6-D66C54E87DEB}.Release|Any CPU.ActiveCfg = Release|Any CPU
		{721CCF15-237E-4D60-97D6-D66C54E87DEB}.Release|Any CPU.Build.0 = Release|Any CPU
	EndGlobalSection
	GlobalSection(SolutionProperties) = preSolution
		HideSolutionNode = FALSE
	EndGlobalSection
	GlobalSection(ExtensibilityGlobals) = postSolution
		SolutionGuid = {81DC4FC9-E6B4-4343-B04C-0C1BE08EE80D}
	EndGlobalSection
EndGlobal
